
Microsoft Visual Studio Solution File, Format Version 12.00
# Visual Studio 14
VisualStudioVersion = 14.0.23107.0
MinimumVisualStudioVersion = 10.0.40219.1
Project("{2150E333-8FDC-42A3-9474-1A3956D46DE8}") = "API", "API", "{7B540D35-0E91-4DF2-AD95-0F24A3050DA1}"
EndProject
Project("{2150E333-8FDC-42A3-9474-1A3956D46DE8}") = "Data", "Data", "{FF2E4C45-9B8F-4E45-8E5F-9DE3A762CF29}"
EndProject
Project("{FAE04EC0-301F-11D3-BF4B-00C04F79EFBC}") = "LotteryDraw.API", "LotteryDraw.API\LotteryDraw.API.csproj", "{E8C152F6-F40E-4296-A7B1-8767C6EF7287}"
EndProject
Project("{FAE04EC0-301F-11D3-BF4B-00C04F79EFBC}") = "LotteryDraw.Models", "LotteryDraw.Models\LotteryDraw.Models.csproj", "{FFFE010F-384D-410B-B3ED-161CA1C63F04}"
EndProject
Project("{FAE04EC0-301F-11D3-BF4B-00C04F79EFBC}") = "LotteryDraw.Models.Interfaces", "LotteryDraw.Models.Interfaces\LotteryDraw.Models.Interfaces.csproj", "{71B8771F-96F3-4CC0-A181-BF701EA1DFD4}"
EndProject
Project("{2150E333-8FDC-42A3-9474-1A3956D46DE8}") = "Repository", "Repository", "{432F2939-810A-4283-9775-1DF62970A6A3}"
EndProject
Project("{FAE04EC0-301F-11D3-BF4B-00C04F79EFBC}") = "LotteryDraw.Repository.Memory", "LotteryDraw.Repository.Memory\LotteryDraw.Repository.Memory.csproj", "{FEF0227B-7C66-45F6-8C80-4C04D0DAE95C}"
EndProject
Project("{FAE04EC0-301F-11D3-BF4B-00C04F79EFBC}") = "LotteryDraw.Repository.Interfaces", "LotteryDraw.Repository.Interfaces\LotteryDraw.Repository.Interfaces.csproj", "{236BB09D-33A1-4CC7-B916-A905BC90FC18}"
EndProject
Project("{FAE04EC0-301F-11D3-BF4B-00C04F79EFBC}") = "LotteryDraw.ErrorHandler.Interfaces", "LotteryDraw.ErrorHandler.Interfaces\LotteryDraw.ErrorHandler.Interfaces.csproj", "{25A1F2A6-92BD-4AB4-A922-60D24A88D756}"
EndProject
Project("{2150E333-8FDC-42A3-9474-1A3956D46DE8}") = "Tracer", "Tracer", "{8DF0B77E-20AC-4FC5-8663-3901806151C2}"
EndProject
Project("{FAE04EC0-301F-11D3-BF4B-00C04F79EFBC}") = "LotteryDraw.Tracer.Interfaces", "LotteryDraw.Tracer.Interfaces\LotteryDraw.Tracer.Interfaces.csproj", "{366B65F1-D876-40B4-9134-011629BBBF44}"
EndProject
Project("{FAE04EC0-301F-11D3-BF4B-00C04F79EFBC}") = "LotteryDraw.Tracer.DebugTracer", "LotteryDraw.Tracer.DebugTracer\LotteryDraw.Tracer.DebugTracer.csproj", "{2E052AD7-457A-42B1-BEC2-22B235C03C76}"
EndProject
Project("{FAE04EC0-301F-11D3-BF4B-00C04F79EFBC}") = "LotteryDraw.Command.Interfaces", "LotteryDraw.Command.Interfaces\LotteryDraw.Command.Interfaces.csproj", "{0051B252-28DE-4A24-89FA-B9489999A668}"
EndProject
Project("{2150E333-8FDC-42A3-9474-1A3956D46DE8}") = "Common", "Common", "{A3653742-6E5F-4321-9DC7-4C787ABF3DE9}"
EndProject
Project("{FAE04EC0-301F-11D3-BF4B-00C04F79EFBC}") = "LotteryDraw.Data.Interfaces", "LotteryDraw.Data.Interfaces\LotteryDraw.Data.Interfaces.csproj", "{FE0C8FEC-71EB-4976-B00D-C21C25E96DCB}"
EndProject
Project("{2150E333-8FDC-42A3-9474-1A3956D46DE8}") = "Tests", "Tests", "{0887793F-7166-4D3C-80D7-C6D824F42D34}"
EndProject
Project("{2150E333-8FDC-42A3-9474-1A3956D46DE8}") = "UnitTests", "UnitTests", "{B08E3D56-E0AC-4BC4-BE7D-FD44FE7D4315}"
EndProject
Project("{2150E333-8FDC-42A3-9474-1A3956D46DE8}") = "IntegrationTests", "IntegrationTests", "{08D7CCF7-FC5C-4957-BEA1-BB17C328512F}"
EndProject
Project("{FAE04EC0-301F-11D3-BF4B-00C04F79EFBC}") = "LotteryDraw.Repository.Integration", "LotteryDraw.Repository.Integration\LotteryDraw.Repository.Integration.csproj", "{D3FF5245-24EA-4FA9-AB5B-92B9125FDBC9}"
EndProject
Project("{FAE04EC0-301F-11D3-BF4B-00C04F79EFBC}") = "LotteryDraw.Repository.UnitTests", "LotteryDraw.Repository.UnitTests\LotteryDraw.Repository.UnitTests.csproj", "{E493B29E-2AA8-4B4C-847A-6E255AC1B159}"
EndProject
Project("{2150E333-8FDC-42A3-9474-1A3956D46DE8}") = "BusinessLogic", "BusinessLogic", "{BC7F7651-E76F-4B4F-A72A-EDAC21281887}"
EndProject
Project("{FAE04EC0-301F-11D3-BF4B-00C04F79EFBC}") = "LotteryDraw.BusinessLogic", "LotteryDraw.BusinessLogic\LotteryDraw.BusinessLogic.csproj", "{E51F2327-2F9B-41E3-99C2-1904E30687C5}"
EndProject
Project("{FAE04EC0-301F-11D3-BF4B-00C04F79EFBC}") = "LotteryDraw.BusinessLogic.Interfaces", "LotteryDraw.BusinessLogic.Interfaces\LotteryDraw.BusinessLogic.Interfaces.csproj", "{DD13D07C-8492-4E9C-B4D5-E42F44DDFA46}"
EndProject
Project("{FAE04EC0-301F-11D3-BF4B-00C04F79EFBC}") = "LotteryDraw.BusinessLogic.UnitTests", "LotteryDraw.BusinessLogic.UnitTests\LotteryDraw.BusinessLogic.UnitTests.csproj", "{8A91E4D4-1CD8-476C-B676-37239C8DDBC1}"
EndProject
Global
	GlobalSection(SolutionConfigurationPlatforms) = preSolution
		Debug|Any CPU = Debug|Any CPU
		Release|Any CPU = Release|Any CPU
	EndGlobalSection
	GlobalSection(ProjectConfigurationPlatforms) = postSolution
		{E8C152F6-F40E-4296-A7B1-8767C6EF7287}.Debug|Any CPU.ActiveCfg = Debug|Any CPU
		{E8C152F6-F40E-4296-A7B1-8767C6EF7287}.Debug|Any CPU.Build.0 = Debug|Any CPU
		{E8C152F6-F40E-4296-A7B1-8767C6EF7287}.Release|Any CPU.ActiveCfg = Release|Any CPU
		{E8C152F6-F40E-4296-A7B1-8767C6EF7287}.Release|Any CPU.Build.0 = Release|Any CPU
		{FFFE010F-384D-410B-B3ED-161CA1C63F04}.Debug|Any CPU.ActiveCfg = Debug|Any CPU
		{FFFE010F-384D-410B-B3ED-161CA1C63F04}.Debug|Any CPU.Build.0 = Debug|Any CPU
		{FFFE010F-384D-410B-B3ED-161CA1C63F04}.Release|Any CPU.ActiveCfg = Release|Any CPU
		{FFFE010F-384D-410B-B3ED-161CA1C63F04}.Release|Any CPU.Build.0 = Release|Any CPU
		{71B8771F-96F3-4CC0-A181-BF701EA1DFD4}.Debug|Any CPU.ActiveCfg = Debug|Any CPU
		{71B8771F-96F3-4CC0-A181-BF701EA1DFD4}.Debug|Any CPU.Build.0 = Debug|Any CPU
		{71B8771F-96F3-4CC0-A181-BF701EA1DFD4}.Release|Any CPU.ActiveCfg = Release|Any CPU
		{71B8771F-96F3-4CC0-A181-BF701EA1DFD4}.Release|Any CPU.Build.0 = Release|Any CPU
		{FEF0227B-7C66-45F6-8C80-4C04D0DAE95C}.Debug|Any CPU.ActiveCfg = Debug|Any CPU
		{FEF0227B-7C66-45F6-8C80-4C04D0DAE95C}.Debug|Any CPU.Build.0 = Debug|Any CPU
		{FEF0227B-7C66-45F6-8C80-4C04D0DAE95C}.Release|Any CPU.ActiveCfg = Release|Any CPU
		{FEF0227B-7C66-45F6-8C80-4C04D0DAE95C}.Release|Any CPU.Build.0 = Release|Any CPU
		{236BB09D-33A1-4CC7-B916-A905BC90FC18}.Debug|Any CPU.ActiveCfg = Debug|Any CPU
		{236BB09D-33A1-4CC7-B916-A905BC90FC18}.Debug|Any CPU.Build.0 = Debug|Any CPU
		{236BB09D-33A1-4CC7-B916-A905BC90FC18}.Release|Any CPU.ActiveCfg = Release|Any CPU
		{236BB09D-33A1-4CC7-B916-A905BC90FC18}.Release|Any CPU.Build.0 = Release|Any CPU
		{25A1F2A6-92BD-4AB4-A922-60D24A88D756}.Debug|Any CPU.ActiveCfg = Debug|Any CPU
		{25A1F2A6-92BD-4AB4-A922-60D24A88D756}.Debug|Any CPU.Build.0 = Debug|Any CPU
		{25A1F2A6-92BD-4AB4-A922-60D24A88D756}.Release|Any CPU.ActiveCfg = Release|Any CPU
		{25A1F2A6-92BD-4AB4-A922-60D24A88D756}.Release|Any CPU.Build.0 = Release|Any CPU
		{366B65F1-D876-40B4-9134-011629BBBF44}.Debug|Any CPU.ActiveCfg = Debug|Any CPU
		{366B65F1-D876-40B4-9134-011629BBBF44}.Debug|Any CPU.Build.0 = Debug|Any CPU
		{366B65F1-D876-40B4-9134-011629BBBF44}.Release|Any CPU.ActiveCfg = Release|Any CPU
		{366B65F1-D876-40B4-9134-011629BBBF44}.Release|Any CPU.Build.0 = Release|Any CPU
		{2E052AD7-457A-42B1-BEC2-22B235C03C76}.Debug|Any CPU.ActiveCfg = Debug|Any CPU
		{2E052AD7-457A-42B1-BEC2-22B235C03C76}.Debug|Any CPU.Build.0 = Debug|Any CPU
		{2E052AD7-457A-42B1-BEC2-22B235C03C76}.Release|Any CPU.ActiveCfg = Release|Any CPU
		{2E052AD7-457A-42B1-BEC2-22B235C03C76}.Release|Any CPU.Build.0 = Release|Any CPU
		{0051B252-28DE-4A24-89FA-B9489999A668}.Debug|Any CPU.ActiveCfg = Debug|Any CPU
		{0051B252-28DE-4A24-89FA-B9489999A668}.Debug|Any CPU.Build.0 = Debug|Any CPU
		{0051B252-28DE-4A24-89FA-B9489999A668}.Release|Any CPU.ActiveCfg = Release|Any CPU
		{0051B252-28DE-4A24-89FA-B9489999A668}.Release|Any CPU.Build.0 = Release|Any CPU
		{FE0C8FEC-71EB-4976-B00D-C21C25E96DCB}.Debug|Any CPU.ActiveCfg = Debug|Any CPU
		{FE0C8FEC-71EB-4976-B00D-C21C25E96DCB}.Debug|Any CPU.Build.0 = Debug|Any CPU
		{FE0C8FEC-71EB-4976-B00D-C21C25E96DCB}.Release|Any CPU.ActiveCfg = Release|Any CPU
		{FE0C8FEC-71EB-4976-B00D-C21C25E96DCB}.Release|Any CPU.Build.0 = Release|Any CPU
		{D3FF5245-24EA-4FA9-AB5B-92B9125FDBC9}.Debug|Any CPU.ActiveCfg = Debug|Any CPU
		{D3FF5245-24EA-4FA9-AB5B-92B9125FDBC9}.Debug|Any CPU.Build.0 = Debug|Any CPU
		{D3FF5245-24EA-4FA9-AB5B-92B9125FDBC9}.Release|Any CPU.ActiveCfg = Release|Any CPU
		{D3FF5245-24EA-4FA9-AB5B-92B9125FDBC9}.Release|Any CPU.Build.0 = Release|Any CPU
		{E493B29E-2AA8-4B4C-847A-6E255AC1B159}.Debug|Any CPU.ActiveCfg = Debug|Any CPU
		{E493B29E-2AA8-4B4C-847A-6E255AC1B159}.Debug|Any CPU.Build.0 = Debug|Any CPU
		{E493B29E-2AA8-4B4C-847A-6E255AC1B159}.Release|Any CPU.ActiveCfg = Release|Any CPU
		{E493B29E-2AA8-4B4C-847A-6E255AC1B159}.Release|Any CPU.Build.0 = Release|Any CPU
		{E51F2327-2F9B-41E3-99C2-1904E30687C5}.Debug|Any CPU.ActiveCfg = Debug|Any CPU
		{E51F2327-2F9B-41E3-99C2-1904E30687C5}.Debug|Any CPU.Build.0 = Debug|Any CPU
		{E51F2327-2F9B-41E3-99C2-1904E30687C5}.Release|Any CPU.ActiveCfg = Release|Any CPU
		{E51F2327-2F9B-41E3-99C2-1904E30687C5}.Release|Any CPU.Build.0 = Release|Any CPU
		{DD13D07C-8492-4E9C-B4D5-E42F44DDFA46}.Debug|Any CPU.ActiveCfg = Debug|Any CPU
		{DD13D07C-8492-4E9C-B4D5-E42F44DDFA46}.Debug|Any CPU.Build.0 = Debug|Any CPU
		{DD13D07C-8492-4E9C-B4D5-E42F44DDFA46}.Release|Any CPU.ActiveCfg = Release|Any CPU
		{DD13D07C-8492-4E9C-B4D5-E42F44DDFA46}.Release|Any CPU.Build.0 = Release|Any CPU
		{8A91E4D4-1CD8-476C-B676-37239C8DDBC1}.Debug|Any CPU.ActiveCfg = Debug|Any CPU
		{8A91E4D4-1CD8-476C-B676-37239C8DDBC1}.Debug|Any CPU.Build.0 = Debug|Any CPU
		{8A91E4D4-1CD8-476C-B676-37239C8DDBC1}.Release|Any CPU.ActiveCfg = Release|Any CPU
		{8A91E4D4-1CD8-476C-B676-37239C8DDBC1}.Release|Any CPU.Build.0 = Release|Any CPU
	EndGlobalSection
	GlobalSection(SolutionProperties) = preSolution
		HideSolutionNode = FALSE
	EndGlobalSection
	GlobalSection(NestedProjects) = preSolution
		{E8C152F6-F40E-4296-A7B1-8767C6EF7287} = {7B540D35-0E91-4DF2-AD95-0F24A3050DA1}
		{FFFE010F-384D-410B-B3ED-161CA1C63F04} = {FF2E4C45-9B8F-4E45-8E5F-9DE3A762CF29}
		{71B8771F-96F3-4CC0-A181-BF701EA1DFD4} = {FF2E4C45-9B8F-4E45-8E5F-9DE3A762CF29}
		{FEF0227B-7C66-45F6-8C80-4C04D0DAE95C} = {432F2939-810A-4283-9775-1DF62970A6A3}
		{236BB09D-33A1-4CC7-B916-A905BC90FC18} = {432F2939-810A-4283-9775-1DF62970A6A3}
		{25A1F2A6-92BD-4AB4-A922-60D24A88D756} = {A3653742-6E5F-4321-9DC7-4C787ABF3DE9}
		{366B65F1-D876-40B4-9134-011629BBBF44} = {8DF0B77E-20AC-4FC5-8663-3901806151C2}
		{2E052AD7-457A-42B1-BEC2-22B235C03C76} = {8DF0B77E-20AC-4FC5-8663-3901806151C2}
		{0051B252-28DE-4A24-89FA-B9489999A668} = {A3653742-6E5F-4321-9DC7-4C787ABF3DE9}
		{FE0C8FEC-71EB-4976-B00D-C21C25E96DCB} = {A3653742-6E5F-4321-9DC7-4C787ABF3DE9}
		{B08E3D56-E0AC-4BC4-BE7D-FD44FE7D4315} = {0887793F-7166-4D3C-80D7-C6D824F42D34}
		{08D7CCF7-FC5C-4957-BEA1-BB17C328512F} = {0887793F-7166-4D3C-80D7-C6D824F42D34}
		{D3FF5245-24EA-4FA9-AB5B-92B9125FDBC9} = {08D7CCF7-FC5C-4957-BEA1-BB17C328512F}
		{E493B29E-2AA8-4B4C-847A-6E255AC1B159} = {B08E3D56-E0AC-4BC4-BE7D-FD44FE7D4315}
		{E51F2327-2F9B-41E3-99C2-1904E30687C5} = {BC7F7651-E76F-4B4F-A72A-EDAC21281887}
		{DD13D07C-8492-4E9C-B4D5-E42F44DDFA46} = {BC7F7651-E76F-4B4F-A72A-EDAC21281887}
		{8A91E4D4-1CD8-476C-B676-37239C8DDBC1} = {B08E3D56-E0AC-4BC4-BE7D-FD44FE7D4315}
	EndGlobalSection
EndGlobal
